
Microsoft Visual Studio Solution File, Format Version 12.00
# Visual Studio Version 17
VisualStudioVersion = 17.9.34723.18
MinimumVisualStudioVersion = 10.0.40219.1
Project("{FAE04EC0-301F-11D3-BF4B-00C04F79EFBC}") = "Concessionária", "Concessionária.csproj", "{CC3CF630-DCBF-4D4D-97A6-0FE00F2AD0F4}"
EndProject
Global
	GlobalSection(SolutionConfigurationPlatforms) = preSolution
		Debug|Any CPU = Debug|Any CPU
		Release|Any CPU = Release|Any CPU
	EndGlobalSection
	GlobalSection(ProjectConfigurationPlatforms) = postSolution
		{CC3CF630-DCBF-4D4D-97A6-0FE00F2AD0F4}.Debug|Any CPU.ActiveCfg = Debug|Any CPU
		{CC3CF630-DCBF-4D4D-97A6-0FE00F2AD0F4}.Debug|Any CPU.Build.0 = Debug|Any CPU
		{CC3CF630-DCBF-4D4D-97A6-0FE00F2AD0F4}.Release|Any CPU.ActiveCfg = Release|Any CPU
		{CC3CF630-DCBF-4D4D-97A6-0FE00F2AD0F4}.Release|Any CPU.Build.0 = Release|Any CPU
	EndGlobalSection
	GlobalSection(SolutionProperties) = preSolution
		HideSolutionNode = FALSE
	EndGlobalSection
	GlobalSection(ExtensibilityGlobals) = postSolution
		SolutionGuid = {D694C943-771F-4980-B938-636CD02C4004}
	EndGlobalSection
EndGlobal
